<Solution>
  <Folder Name="/Tests/">
    <Project Path="Enrollify.Application.Tests/Enrollify.Application.Tests.csproj" Id="8e9067e6-df0f-4048-a744-2cea7bf5a005" />
  </Folder>
  <Project Path="Enrollify.Analyzers/Enrollify.Analyzers.csproj" />
  <Project Path="Enrollify.Application/Enrollify.Application.csproj" Id="5a4d983a-b8db-4f09-9845-d325f6674418" />
  <Project Path="Enrollify.Core/Enrollify.Core.csproj" Id="885acc37-63de-4c05-b402-5f6c4c7e9e8c" />
  <Project Path="Enrollify.DatabaseMigration/Enrollify.DatabaseMigration.csproj" Id="9e235c67-c306-4c14-bbe7-0092a6e32c95" />
  <Project Path="Enrollify.Infrastructure.Generator/Enrollify.Infrastructure.Generator.csproj" Id="a15948aa-c329-4762-a1dd-1a1703871d90" />
  <Project Path="Enrollify.Infrastructure/Enrollify.Infrastructure.csproj" Id="916e5a58-e152-4f52-9d32-0720fae79ed0" />
  <Project Path="Enrollify.SharedKernel/Enrollify.SharedKernel.csproj" Id="aef19405-03a0-4cf1-b965-362ebb65cfd3" />
  <Project Path="Enrollify.WebAPI/Enrollify.WebAPI.csproj" />
</Solution>
